
Microsoft Visual Studio Solution File, Format Version 12.00
# Visual Studio Version 16
VisualStudioVersion = 16.0.32413.511
MinimumVisualStudioVersion = 10.0.40219.1
Project("{FAE04EC0-301F-11D3-BF4B-00C04F79EFBC}") = "TringuloCurso", "TringuloCurso\TringuloCurso.csproj", "{D18181E9-EE14-4259-849E-98D971DE2163}"
EndProject
Global
	GlobalSection(SolutionConfigurationPlatforms) = preSolution
		Debug|Any CPU = Debug|Any CPU
		Release|Any CPU = Release|Any CPU
	EndGlobalSection
	GlobalSection(ProjectConfigurationPlatforms) = postSolution
		{D18181E9-EE14-4259-849E-98D971DE2163}.Debug|Any CPU.ActiveCfg = Debug|Any CPU
		{D18181E9-EE14-4259-849E-98D971DE2163}.Debug|Any CPU.Build.0 = Debug|Any CPU
		{D18181E9-EE14-4259-849E-98D971DE2163}.Release|Any CPU.ActiveCfg = Release|Any CPU
		{D18181E9-EE14-4259-849E-98D971DE2163}.Release|Any CPU.Build.0 = Release|Any CPU
	EndGlobalSection
	GlobalSection(SolutionProperties) = preSolution
		HideSolutionNode = FALSE
	EndGlobalSection
	GlobalSection(ExtensibilityGlobals) = postSolution
		SolutionGuid = {E7C3B72E-14B4-4964-8A88-06481EC49BB0}
	EndGlobalSection
EndGlobal
